
Microsoft Visual Studio Solution File, Format Version 12.00
# Visual Studio 14
VisualStudioVersion = 14.0.25420.1
MinimumVisualStudioVersion = 10.0.40219.1
Project("{FAE04EC0-301F-11D3-BF4B-00C04F79EFBC}") = "KKExpert.Model", "KKExpert.Model\KKExpert.Model.csproj", "{7743A1B9-1937-4483-B953-0B3627565BB4}"
EndProject
Project("{FAE04EC0-301F-11D3-BF4B-00C04F79EFBC}") = "KKExpert.Data", "KKExpert.Data\KKExpert.Data.csproj", "{E3DC1E41-C511-41F7-BCB9-D9496553ADAB}"
EndProject
Project("{FAE04EC0-301F-11D3-BF4B-00C04F79EFBC}") = "KKExpert.Services", "KKExpert.Services\KKExpert.Services.csproj", "{436BD7D2-4BF9-46D6-A92D-0E5966FE73C8}"
EndProject
Project("{FAE04EC0-301F-11D3-BF4B-00C04F79EFBC}") = "KKExpert.Web", "KKExpert.Web\KKExpert.Web.csproj", "{69C386D4-7491-4F84-9D5B-517DAC0240C9}"
EndProject
Project("{FAE04EC0-301F-11D3-BF4B-00C04F79EFBC}") = "KKEcpert.Service", "KKEcpert.Service\KKEcpert.Service.csproj", "{E48DB7FF-05FA-411E-B21D-FCF8357F1C62}"
EndProject
Global
	GlobalSection(SolutionConfigurationPlatforms) = preSolution
		Debug|Any CPU = Debug|Any CPU
		Release|Any CPU = Release|Any CPU
	EndGlobalSection
	GlobalSection(ProjectConfigurationPlatforms) = postSolution
		{7743A1B9-1937-4483-B953-0B3627565BB4}.Debug|Any CPU.ActiveCfg = Debug|Any CPU
		{7743A1B9-1937-4483-B953-0B3627565BB4}.Debug|Any CPU.Build.0 = Debug|Any CPU
		{7743A1B9-1937-4483-B953-0B3627565BB4}.Release|Any CPU.ActiveCfg = Release|Any CPU
		{7743A1B9-1937-4483-B953-0B3627565BB4}.Release|Any CPU.Build.0 = Release|Any CPU
		{E3DC1E41-C511-41F7-BCB9-D9496553ADAB}.Debug|Any CPU.ActiveCfg = Debug|Any CPU
		{E3DC1E41-C511-41F7-BCB9-D9496553ADAB}.Debug|Any CPU.Build.0 = Debug|Any CPU
		{E3DC1E41-C511-41F7-BCB9-D9496553ADAB}.Release|Any CPU.ActiveCfg = Release|Any CPU
		{E3DC1E41-C511-41F7-BCB9-D9496553ADAB}.Release|Any CPU.Build.0 = Release|Any CPU
		{436BD7D2-4BF9-46D6-A92D-0E5966FE73C8}.Debug|Any CPU.ActiveCfg = Debug|Any CPU
		{436BD7D2-4BF9-46D6-A92D-0E5966FE73C8}.Debug|Any CPU.Build.0 = Debug|Any CPU
		{436BD7D2-4BF9-46D6-A92D-0E5966FE73C8}.Release|Any CPU.ActiveCfg = Release|Any CPU
		{436BD7D2-4BF9-46D6-A92D-0E5966FE73C8}.Release|Any CPU.Build.0 = Release|Any CPU
		{69C386D4-7491-4F84-9D5B-517DAC0240C9}.Debug|Any CPU.ActiveCfg = Debug|Any CPU
		{69C386D4-7491-4F84-9D5B-517DAC0240C9}.Debug|Any CPU.Build.0 = Debug|Any CPU
		{69C386D4-7491-4F84-9D5B-517DAC0240C9}.Release|Any CPU.ActiveCfg = Release|Any CPU
		{69C386D4-7491-4F84-9D5B-517DAC0240C9}.Release|Any CPU.Build.0 = Release|Any CPU
		{E48DB7FF-05FA-411E-B21D-FCF8357F1C62}.Debug|Any CPU.ActiveCfg = Debug|Any CPU
		{E48DB7FF-05FA-411E-B21D-FCF8357F1C62}.Debug|Any CPU.Build.0 = Debug|Any CPU
		{E48DB7FF-05FA-411E-B21D-FCF8357F1C62}.Release|Any CPU.ActiveCfg = Release|Any CPU
		{E48DB7FF-05FA-411E-B21D-FCF8357F1C62}.Release|Any CPU.Build.0 = Release|Any CPU
	EndGlobalSection
	GlobalSection(SolutionProperties) = preSolution
		HideSolutionNode = FALSE
	EndGlobalSection
EndGlobal
